// !$*UTF8*$!
{
	archiveVersion = 1;
	classes = {
	};
	objectVersion = 50;
	objects = {

/* Begin PBXBuildFile section */
		6C368FE721648A45005DEDBB /* AppDelegate.swift in Sources */ = {isa = PBXBuildFile; fileRef = 6C368FE621648A45005DEDBB /* AppDelegate.swift */; };
		6C368FEC21648A45005DEDBB /* Main.storyboard in Resources */ = {isa = PBXBuildFile; fileRef = 6C368FEA21648A45005DEDBB /* Main.storyboard */; };
		6C368FEE21648A46005DEDBB /* Assets.xcassets in Resources */ = {isa = PBXBuildFile; fileRef = 6C368FED21648A46005DEDBB /* Assets.xcassets */; };
		6C368FF121648A46005DEDBB /* LaunchScreen.storyboard in Resources */ = {isa = PBXBuildFile; fileRef = 6C368FEF21648A46005DEDBB /* LaunchScreen.storyboard */; };
		6C368FFC21648A46005DEDBB /* UVABucketListTests.swift in Sources */ = {isa = PBXBuildFile; fileRef = 6C368FFB21648A46005DEDBB /* UVABucketListTests.swift */; };
		6C36900721648A46005DEDBB /* UVABucketListUITests.swift in Sources */ = {isa = PBXBuildFile; fileRef = 6C36900621648A46005DEDBB /* UVABucketListUITests.swift */; };
		6C36901521648BDB005DEDBB /* BucketItem.swift in Sources */ = {isa = PBXBuildFile; fileRef = 6C36901421648BDB005DEDBB /* BucketItem.swift */; };
		6C36901721648C0B005DEDBB /* BucketListTableViewController.swift in Sources */ = {isa = PBXBuildFile; fileRef = 6C36901621648C0B005DEDBB /* BucketListTableViewController.swift */; };
		6C36901921648C2D005DEDBB /* BucketListTableViewCell.swift in Sources */ = {isa = PBXBuildFile; fileRef = 6C36901821648C2D005DEDBB /* BucketListTableViewCell.swift */; };
		6C52972D216EEAEE00142C94 /* AddItemViewController.swift in Sources */ = {isa = PBXBuildFile; fileRef = 6C52972C216EEAEE00142C94 /* AddItemViewController.swift */; };
		6C6596742170469300025471 /* EditItemViewController.swift in Sources */ = {isa = PBXBuildFile; fileRef = 6C6596732170469300025471 /* EditItemViewController.swift */; };
/* End PBXBuildFile section */

/* Begin PBXContainerItemProxy section */
		6C368FF821648A46005DEDBB /* PBXContainerItemProxy */ = {
			isa = PBXContainerItemProxy;
			containerPortal = 6C368FDB21648A45005DEDBB /* Project object */;
			proxyType = 1;
			remoteGlobalIDString = 6C368FE221648A45005DEDBB;
			remoteInfo = UVABucketList;
		};
		6C36900321648A46005DEDBB /* PBXContainerItemProxy */ = {
			isa = PBXContainerItemProxy;
			containerPortal = 6C368FDB21648A45005DEDBB /* Project object */;
			proxyType = 1;
			remoteGlobalIDString = 6C368FE221648A45005DEDBB;
			remoteInfo = UVABucketList;
		};
/* End PBXContainerItemProxy section */

/* Begin PBXFileReference section */
		6C368FE321648A45005DEDBB /* UVABucketList.app */ = {isa = PBXFileReference; explicitFileType = wrapper.application; includeInIndex = 0; path = UVABucketList.app; sourceTree = BUILT_PRODUCTS_DIR; };
		6C368FE621648A45005DEDBB /* AppDelegate.swift */ = {isa = PBXFileReference; lastKnownFileType = sourcecode.swift; path = AppDelegate.swift; sourceTree = "<group>"; };
		6C368FEB21648A45005DEDBB /* Base */ = {isa = PBXFileReference; lastKnownFileType = file.storyboard; name = Base; path = Base.lproj/Main.storyboard; sourceTree = "<group>"; };
		6C368FED21648A46005DEDBB /* Assets.xcassets */ = {isa = PBXFileReference; lastKnownFileType = folder.assetcatalog; path = Assets.xcassets; sourceTree = "<group>"; };
		6C368FF021648A46005DEDBB /* Base */ = {isa = PBXFileReference; lastKnownFileType = file.storyboard; name = Base; path = Base.lproj/LaunchScreen.storyboard; sourceTree = "<group>"; };
		6C368FF221648A46005DEDBB /* Info.plist */ = {isa = PBXFileReference; lastKnownFileType = text.plist.xml; path = Info.plist; sourceTree = "<group>"; };
		6C368FF721648A46005DEDBB /* UVABucketListTests.xctest */ = {isa = PBXFileReference; explicitFileType = wrapper.cfbundle; includeInIndex = 0; path = UVABucketListTests.xctest; sourceTree = BUILT_PRODUCTS_DIR; };
		6C368FFB21648A46005DEDBB /* UVABucketListTests.swift */ = {isa = PBXFileReference; lastKnownFileType = sourcecode.swift; path = UVABucketListTests.swift; sourceTree = "<group>"; };
		6C368FFD21648A46005DEDBB /* Info.plist */ = {isa = PBXFileReference; lastKnownFileType = text.plist.xml; path = Info.plist; sourceTree = "<group>"; };
		6C36900221648A46005DEDBB /* UVABucketListUITests.xctest */ = {isa = PBXFileReference; explicitFileType = wrapper.cfbundle; includeInIndex = 0; path = UVABucketListUITests.xctest; sourceTree = BUILT_PRODUCTS_DIR; };
		6C36900621648A46005DEDBB /* UVABucketListUITests.swift */ = {isa = PBXFileReference; lastKnownFileType = sourcecode.swift; path = UVABucketListUITests.swift; sourceTree = "<group>"; };
		6C36900821648A47005DEDBB /* Info.plist */ = {isa = PBXFileReference; lastKnownFileType = text.plist.xml; path = Info.plist; sourceTree = "<group>"; };
		6C36901421648BDB005DEDBB /* BucketItem.swift */ = {isa = PBXFileReference; lastKnownFileType = sourcecode.swift; path = BucketItem.swift; sourceTree = "<group>"; };
		6C36901621648C0B005DEDBB /* BucketListTableViewController.swift */ = {isa = PBXFileReference; lastKnownFileType = sourcecode.swift; path = BucketListTableViewController.swift; sourceTree = "<group>"; };
		6C36901821648C2D005DEDBB /* BucketListTableViewCell.swift */ = {isa = PBXFileReference; lastKnownFileType = sourcecode.swift; path = BucketListTableViewCell.swift; sourceTree = "<group>"; };
		6C52972C216EEAEE00142C94 /* AddItemViewController.swift */ = {isa = PBXFileReference; lastKnownFileType = sourcecode.swift; path = AddItemViewController.swift; sourceTree = "<group>"; };
		6C6596732170469300025471 /* EditItemViewController.swift */ = {isa = PBXFileReference; lastKnownFileType = sourcecode.swift; path = EditItemViewController.swift; sourceTree = "<group>"; };
/* End PBXFileReference section */

/* Begin PBXFrameworksBuildPhase section */
		6C368FE021648A45005DEDBB /* Frameworks */ = {
			isa = PBXFrameworksBuildPhase;
			buildActionMask = 2147483647;
			files = (
			);
			runOnlyForDeploymentPostprocessing = 0;
		};
		6C368FF421648A46005DEDBB /* Frameworks */ = {
			isa = PBXFrameworksBuildPhase;
			buildActionMask = 2147483647;
			files = (
			);
			runOnlyForDeploymentPostprocessing = 0;
		};
		6C368FFF21648A46005DEDBB /* Frameworks */ = {
			isa = PBXFrameworksBuildPhase;
			buildActionMask = 2147483647;
			files = (
			);
			runOnlyForDeploymentPostprocessing = 0;
		};
/* End PBXFrameworksBuildPhase section */

/* Begin PBXGroup section */
		6C368FDA21648A45005DEDBB = {
			isa = PBXGroup;
			children = (
				6C368FE521648A45005DEDBB /* UVABucketList */,
				6C368FFA21648A46005DEDBB /* UVABucketListTests */,
				6C36900521648A46005DEDBB /* UVABucketListUITests */,
				6C368FE421648A45005DEDBB /* Products */,
			);
			sourceTree = "<group>";
		};
		6C368FE421648A45005DEDBB /* Products */ = {
			isa = PBXGroup;
			children = (
				6C368FE321648A45005DEDBB /* UVABucketList.app */,
				6C368FF721648A46005DEDBB /* UVABucketListTests.xctest */,
				6C36900221648A46005DEDBB /* UVABucketListUITests.xctest */,
			);
			name = Products;
			sourceTree = "<group>";
		};
		6C368FE521648A45005DEDBB /* UVABucketList */ = {
			isa = PBXGroup;
			children = (
				6C368FE621648A45005DEDBB /* AppDelegate.swift */,
				6C368FEA21648A45005DEDBB /* Main.storyboard */,
				6C368FED21648A46005DEDBB /* Assets.xcassets */,
				6C368FEF21648A46005DEDBB /* LaunchScreen.storyboard */,
				6C368FF221648A46005DEDBB /* Info.plist */,
				6C36901421648BDB005DEDBB /* BucketItem.swift */,
				6C36901621648C0B005DEDBB /* BucketListTableViewController.swift */,
				6C36901821648C2D005DEDBB /* BucketListTableViewCell.swift */,
				6C52972C216EEAEE00142C94 /* AddItemViewController.swift */,
				6C6596732170469300025471 /* EditItemViewController.swift */,
			);
			path = UVABucketList;
			sourceTree = "<group>";
		};
		6C368FFA21648A46005DEDBB /* UVABucketListTests */ = {
			isa = PBXGroup;
			children = (
				6C368FFB21648A46005DEDBB /* UVABucketListTests.swift */,
				6C368FFD21648A46005DEDBB /* Info.plist */,
			);
			path = UVABucketListTests;
			sourceTree = "<group>";
		};
		6C36900521648A46005DEDBB /* UVABucketListUITests */ = {
			isa = PBXGroup;
			children = (
				6C36900621648A46005DEDBB /* UVABucketListUITests.swift */,
				6C36900821648A47005DEDBB /* Info.plist */,
			);
			path = UVABucketListUITests;
			sourceTree = "<group>";
		};
/* End PBXGroup section */

/* Begin PBXNativeTarget section */
		6C368FE221648A45005DEDBB /* UVABucketList */ = {
			isa = PBXNativeTarget;
			buildConfigurationList = 6C36900B21648A47005DEDBB /* Build configuration list for PBXNativeTarget "UVABucketList" */;
			buildPhases = (
				6C368FDF21648A45005DEDBB /* Sources */,
				6C368FE021648A45005DEDBB /* Frameworks */,
				6C368FE121648A45005DEDBB /* Resources */,
			);
			buildRules = (
			);
			dependencies = (
			);
			name = UVABucketList;
			productName = UVABucketList;
			productReference = 6C368FE321648A45005DEDBB /* UVABucketList.app */;
			productType = "com.apple.product-type.application";
		};
		6C368FF621648A46005DEDBB /* UVABucketListTests */ = {
			isa = PBXNativeTarget;
			buildConfigurationList = 6C36900E21648A47005DEDBB /* Build configuration list for PBXNativeTarget "UVABucketListTests" */;
			buildPhases = (
				6C368FF321648A46005DEDBB /* Sources */,
				6C368FF421648A46005DEDBB /* Frameworks */,
				6C368FF521648A46005DEDBB /* Resources */,
			);
			buildRules = (
			);
			dependencies = (
				6C368FF921648A46005DEDBB /* PBXTargetDependency */,
			);
			name = UVABucketListTests;
			productName = UVABucketListTests;
			productReference = 6C368FF721648A46005DEDBB /* UVABucketListTests.xctest */;
			productType = "com.apple.product-type.bundle.unit-test";
		};
		6C36900121648A46005DEDBB /* UVABucketListUITests */ = {
			isa = PBXNativeTarget;
			buildConfigurationList = 6C36901121648A47005DEDBB /* Build configuration list for PBXNativeTarget "UVABucketListUITests" */;
			buildPhases = (
				6C368FFE21648A46005DEDBB /* Sources */,
				6C368FFF21648A46005DEDBB /* Frameworks */,
				6C36900021648A46005DEDBB /* Resources */,
			);
			buildRules = (
			);
			dependencies = (
				6C36900421648A46005DEDBB /* PBXTargetDependency */,
			);
			name = UVABucketListUITests;
			productName = UVABucketListUITests;
			productReference = 6C36900221648A46005DEDBB /* UVABucketListUITests.xctest */;
			productType = "com.apple.product-type.bundle.ui-testing";
		};
/* End PBXNativeTarget section */

/* Begin PBXProject section */
		6C368FDB21648A45005DEDBB /* Project object */ = {
			isa = PBXProject;
			attributes = {
				LastSwiftUpdateCheck = 1000;
				LastUpgradeCheck = 1000;
				ORGANIZATIONNAME = user145551;
				TargetAttributes = {
					6C368FE221648A45005DEDBB = {
						CreatedOnToolsVersion = 10.0;
					};
					6C368FF621648A46005DEDBB = {
						CreatedOnToolsVersion = 10.0;
						TestTargetID = 6C368FE221648A45005DEDBB;
					};
					6C36900121648A46005DEDBB = {
						CreatedOnToolsVersion = 10.0;
						TestTargetID = 6C368FE221648A45005DEDBB;
					};
				};
			};
			buildConfigurationList = 6C368FDE21648A45005DEDBB /* Build configuration list for PBXProject "UVABucketList" */;
			compatibilityVersion = "Xcode 9.3";
			developmentRegion = en;
			hasScannedForEncodings = 0;
			knownRegions = (
				en,
				Base,
			);
			mainGroup = 6C368FDA21648A45005DEDBB;
			productRefGroup = 6C368FE421648A45005DEDBB /* Products */;
			projectDirPath = "";
			projectRoot = "";
			targets = (
				6C368FE221648A45005DEDBB /* UVABucketList */,
				6C368FF621648A46005DEDBB /* UVABucketListTests */,
				6C36900121648A46005DEDBB /* UVABucketListUITests */,
			);
		};
/* End PBXProject section */

/* Begin PBXResourcesBuildPhase section */
		6C368FE121648A45005DEDBB /* Resources */ = {
			isa = PBXResourcesBuildPhase;
			buildActionMask = 2147483647;
			files = (
				6C368FF121648A46005DEDBB /* LaunchScreen.storyboard in Resources */,
				6C368FEE21648A46005DEDBB /* Assets.xcassets in Resources */,
				6C368FEC21648A45005DEDBB /* Main.storyboard in Resources */,
			);
			runOnlyForDeploymentPostprocessing = 0;
		};
		6C368FF521648A46005DEDBB /* Resources */ = {
			isa = PBXResourcesBuildPhase;
			buildActionMask = 2147483647;
			files = (
			);
			runOnlyForDeploymentPostprocessing = 0;
		};
		6C36900021648A46005DEDBB /* Resources */ = {
			isa = PBXResourcesBuildPhase;
			buildActionMask = 2147483647;
			files = (
			);
			runOnlyForDeploymentPostprocessing = 0;
		};
/* End PBXResourcesBuildPhase section */

/* Begin PBXSourcesBuildPhase section */
		6C368FDF21648A45005DEDBB /* Sources */ = {
			isa = PBXSourcesBuildPhase;
			buildActionMask = 2147483647;
			files = (
				6C52972D216EEAEE00142C94 /* AddItemViewController.swift in Sources */,
				6C6596742170469300025471 /* EditItemViewController.swift in Sources */,
				6C36901521648BDB005DEDBB /* BucketItem.swift in Sources */,
				6C36901921648C2D005DEDBB /* BucketListTableViewCell.swift in Sources */,
				6C368FE721648A45005DEDBB /* AppDelegate.swift in Sources */,
				6C36901721648C0B005DEDBB /* BucketListTableViewController.swift in Sources */,
			);
			runOnlyForDeploymentPostprocessing = 0;
		};
		6C368FF321648A46005DEDBB /* Sources */ = {
			isa = PBXSourcesBuildPhase;
			buildActionMask = 2147483647;
			files = (
				6C368FFC21648A46005DEDBB /* UVABucketListTests.swift in Sources */,
			);
			runOnlyForDeploymentPostprocessing = 0;
		};
		6C368FFE21648A46005DEDBB /* Sources */ = {
			isa = PBXSourcesBuildPhase;
			buildActionMask = 2147483647;
			files = (
				6C36900721648A46005DEDBB /* UVABucketListUITests.swift in Sources */,
			);
			runOnlyForDeploymentPostprocessing = 0;
		};
/* End PBXSourcesBuildPhase section */

/* Begin PBXTargetDependency section */
		6C368FF921648A46005DEDBB /* PBXTargetDependency */ = {
			isa = PBXTargetDependency;
			target = 6C368FE221648A45005DEDBB /* UVABucketList */;
			targetProxy = 6C368FF821648A46005DEDBB /* PBXContainerItemProxy */;
		};
		6C36900421648A46005DEDBB /* PBXTargetDependency */ = {
			isa = PBXTargetDependency;
			target = 6C368FE221648A45005DEDBB /* UVABucketList */;
			targetProxy = 6C36900321648A46005DEDBB /* PBXContainerItemProxy */;
		};
/* End PBXTargetDependency section */

/* Begin PBXVariantGroup section */
		6C368FEA21648A45005DEDBB /* Main.storyboard */ = {
			isa = PBXVariantGroup;
			children = (
				6C368FEB21648A45005DEDBB /* Base */,
			);
			name = Main.storyboard;
			sourceTree = "<group>";
		};
		6C368FEF21648A46005DEDBB /* LaunchScreen.storyboard */ = {
			isa = PBXVariantGroup;
			children = (
				6C368FF021648A46005DEDBB /* Base */,
			);
			name = LaunchScreen.storyboard;
			sourceTree = "<group>";
		};
/* End PBXVariantGroup section */

/* Begin XCBuildConfiguration section */
		6C36900921648A47005DEDBB /* Debug */ = {
			isa = XCBuildConfiguration;
			buildSettings = {
				ALWAYS_SEARCH_USER_PATHS = NO;
				CLANG_ANALYZER_NONNULL = YES;
				CLANG_ANALYZER_NUMBER_OBJECT_CONVERSION = YES_AGGRESSIVE;
				CLANG_CXX_LANGUAGE_STANDARD = "gnu++14";
				CLANG_CXX_LIBRARY = "libc++";
				CLANG_ENABLE_MODULES = YES;
				CLANG_ENABLE_OBJC_ARC = YES;
				CLANG_ENABLE_OBJC_WEAK = YES;
				CLANG_WARN_BLOCK_CAPTURE_AUTORELEASING = YES;
				CLANG_WARN_BOOL_CONVERSION = YES;
				CLANG_WARN_COMMA = YES;
				CLANG_WARN_CONSTANT_CONVERSION = YES;
				CLANG_WARN_DEPRECATED_OBJC_IMPLEMENTATIONS = YES;
				CLANG_WARN_DIRECT_OBJC_ISA_USAGE = YES_ERROR;
				CLANG_WARN_DOCUMENTATION_COMMENTS = YES;
				CLANG_WARN_EMPTY_BODY = YES;
				CLANG_WARN_ENUM_CONVERSION = YES;
				CLANG_WARN_INFINITE_RECURSION = YES;
				CLANG_WARN_INT_CONVERSION = YES;
				CLANG_WARN_NON_LITERAL_NULL_CONVERSION = YES;
				CLANG_WARN_OBJC_IMPLICIT_RETAIN_SELF = YES;
				CLANG_WARN_OBJC_LITERAL_CONVERSION = YES;
				CLANG_WARN_OBJC_ROOT_CLASS = YES_ERROR;
				CLANG_WARN_RANGE_LOOP_ANALYSIS = YES;
				CLANG_WARN_STRICT_PROTOTYPES = YES;
				CLANG_WARN_SUSPICIOUS_MOVE = YES;
				CLANG_WARN_UNGUARDED_AVAILABILITY = YES_AGGRESSIVE;
				CLANG_WARN_UNREACHABLE_CODE = YES;
				CLANG_WARN__DUPLICATE_METHOD_MATCH = YES;
				CODE_SIGN_IDENTITY = "iPhone Developer";
				COPY_PHASE_STRIP = NO;
				DEBUG_INFORMATION_FORMAT = dwarf;
				ENABLE_STRICT_OBJC_MSGSEND = YES;
				ENABLE_TESTABILITY = YES;
				GCC_C_LANGUAGE_STANDARD = gnu11;
				GCC_DYNAMIC_NO_PIC = NO;
				GCC_NO_COMMON_BLOCKS = YES;
				GCC_OPTIMIZATION_LEVEL = 0;
				GCC_PREPROCESSOR_DEFINITIONS = (
					"DEBUG=1",
					"$(inherited)",
				);
				GCC_WARN_64_TO_32_BIT_CONVERSION = YES;
				GCC_WARN_ABOUT_RETURN_TYPE = YES_ERROR;
				GCC_WARN_UNDECLARED_SELECTOR = YES;
				GCC_WARN_UNINITIALIZED_AUTOS = YES_AGGRESSIVE;
				GCC_WARN_UNUSED_FUNCTION = YES;
				GCC_WARN_UNUSED_VARIABLE = YES;
				IPHONEOS_DEPLOYMENT_TARGET = 12.0;
				MTL_ENABLE_DEBUG_INFO = INCLUDE_SOURCE;
				MTL_FAST_MATH = YES;
				ONLY_ACTIVE_ARCH = YES;
				SDKROOT = iphoneos;
				SWIFT_ACTIVE_COMPILATION_CONDITIONS = DEBUG;
				SWIFT_OPTIMIZATION_LEVEL = "-Onone";
			};
			name = Debug;
		};
		6C36900A21648A47005DEDBB /* Release */ = {
			isa = XCBuildConfiguration;
			buildSettings = {
				ALWAYS_SEARCH_USER_PATHS = NO;
				CLANG_ANALYZER_NONNULL = YES;
				CLANG_ANALYZER_NUMBER_OBJECT_CONVERSION = YES_AGGRESSIVE;
				CLANG_CXX_LANGUAGE_STANDARD = "gnu++14";
				CLANG_CXX_LIBRARY = "libc++";
				CLANG_ENABLE_MODULES = YES;
				CLANG_ENABLE_OBJC_ARC = YES;
				CLANG_ENABLE_OBJC_WEAK = YES;
				CLANG_WARN_BLOCK_CAPTURE_AUTORELEASING = YES;
				CLANG_WARN_BOOL_CONVERSION = YES;
				CLANG_WARN_COMMA = YES;
				CLANG_WARN_CONSTANT_CONVERSION = YES;
				CLANG_WARN_DEPRECATED_OBJC_IMPLEMENTATIONS = YES;
				CLANG_WARN_DIRECT_OBJC_ISA_USAGE = YES_ERROR;
				CLANG_WARN_DOCUMENTATION_COMMENTS = YES;
				CLANG_WARN_EMPTY_BODY = YES;
				CLANG_WARN_ENUM_CONVERSION = YES;
				CLANG_WARN_INFINITE_RECURSION = YES;
				CLANG_WARN_INT_CONVERSION = YES;
				CLANG_WARN_NON_LITERAL_NULL_CONVERSION = YES;
				CLANG_WARN_OBJC_IMPLICIT_RETAIN_SELF = YES;
				CLANG_WARN_OBJC_LITERAL_CONVERSION = YES;
				CLANG_WARN_OBJC_ROOT_CLASS = YES_ERROR;
				CLANG_WARN_RANGE_LOOP_ANALYSIS = YES;
				CLANG_WARN_STRICT_PROTOTYPES = YES;
				CLANG_WARN_SUSPICIOUS_MOVE = YES;
				CLANG_WARN_UNGUARDED_AVAILABILITY = YES_AGGRESSIVE;
				CLANG_WARN_UNREACHABLE_CODE = YES;
				CLANG_WARN__DUPLICATE_METHOD_MATCH = YES;
				CODE_SIGN_IDENTITY = "iPhone Developer";
				COPY_PHASE_STRIP = NO;
				DEBUG_INFORMATION_FORMAT = "dwarf-with-dsym";
				ENABLE_NS_ASSERTIONS = NO;
				ENABLE_STRICT_OBJC_MSGSEND = YES;
				GCC_C_LANGUAGE_STANDARD = gnu11;
				GCC_NO_COMMON_BLOCKS = YES;
				GCC_WARN_64_TO_32_BIT_CONVERSION = YES;
				GCC_WARN_ABOUT_RETURN_TYPE = YES_ERROR;
				GCC_WARN_UNDECLARED_SELECTOR = YES;
				GCC_WARN_UNINITIALIZED_AUTOS = YES_AGGRESSIVE;
				GCC_WARN_UNUSED_FUNCTION = YES;
				GCC_WARN_UNUSED_VARIABLE = YES;
				IPHONEOS_DEPLOYMENT_TARGET = 12.0;
				MTL_ENABLE_DEBUG_INFO = NO;
				MTL_FAST_MATH = YES;
				SDKROOT = iphoneos;
				SWIFT_COMPILATION_MODE = wholemodule;
				SWIFT_OPTIMIZATION_LEVEL = "-O";
				VALIDATE_PRODUCT = YES;
			};
			name = Release;
		};
		6C36900C21648A47005DEDBB /* Debug */ = {
			isa = XCBuildConfiguration;
			buildSettings = {
				ASSETCATALOG_COMPILER_APPICON_NAME = AppIcon;
				CODE_SIGN_STYLE = Automatic;
				INFOPLIST_FILE = UVABucketList/Info.plist;
				LD_RUNPATH_SEARCH_PATHS = (
					"$(inherited)",
					"@executable_path/Frameworks",
				);
				PRODUCT_BUNDLE_IDENTIFIER = com.cs4720.UVABucketList;
				PRODUCT_NAME = "$(TARGET_NAME)";
				SWIFT_VERSION = 4.2;
				TARGETED_DEVICE_FAMILY = "1,2";
			};
			name = Debug;
		};
		6C36900D21648A47005DEDBB /* Release */ = {
			isa = XCBuildConfiguration;
			buildSettings = {
				ASSETCATALOG_COMPILER_APPICON_NAME = AppIcon;
				CODE_SIGN_STYLE = Automatic;
				INFOPLIST_FILE = UVABucketList/Info.plist;
				LD_RUNPATH_SEARCH_PATHS = (
					"$(inherited)",
					"@executable_path/Frameworks",
				);
				PRODUCT_BUNDLE_IDENTIFIER = com.cs4720.UVABucketList;
				PRODUCT_NAME = "$(TARGET_NAME)";
				SWIFT_VERSION = 4.2;
				TARGETED_DEVICE_FAMILY = "1,2";
			};
			name = Release;
		};
		6C36900F21648A47005DEDBB /* Debug */ = {
			isa = XCBuildConfiguration;
			buildSettings = {
				ALWAYS_EMBED_SWIFT_STANDARD_LIBRARIES = YES;
				BUNDLE_LOADER = "$(TEST_HOST)";
				CODE_SIGN_STYLE = Automatic;
				INFOPLIST_FILE = UVABucketListTests/Info.plist;
				LD_RUNPATH_SEARCH_PATHS = (
					"$(inherited)",
					"@executable_path/Frameworks",
					"@loader_path/Frameworks",
				);
				PRODUCT_BUNDLE_IDENTIFIER = com.cs4720.UVABucketListTests;
				PRODUCT_NAME = "$(TARGET_NAME)";
				SWIFT_VERSION = 4.2;
				TARGETED_DEVICE_FAMILY = "1,2";
				TEST_HOST = "$(BUILT_PRODUCTS_DIR)/UVABucketList.app/UVABucketList";
			};
			name = Debug;
		};
		6C36901021648A47005DEDBB /* Release */ = {
			isa = XCBuildConfiguration;
			buildSettings = {
				ALWAYS_EMBED_SWIFT_STANDARD_LIBRARIES = YES;
				BUNDLE_LOADER = "$(TEST_HOST)";
				CODE_SIGN_STYLE = Automatic;
				INFOPLIST_FILE = UVABucketListTests/Info.plist;
				LD_RUNPATH_SEARCH_PATHS = (
					"$(inherited)",
					"@executable_path/Frameworks",
					"@loader_path/Frameworks",
				);
				PRODUCT_BUNDLE_IDENTIFIER = com.cs4720.UVABucketListTests;
				PRODUCT_NAME = "$(TARGET_NAME)";
				SWIFT_VERSION = 4.2;
				TARGETED_DEVICE_FAMILY = "1,2";
				TEST_HOST = "$(BUILT_PRODUCTS_DIR)/UVABucketList.app/UVABucketList";
			};
			name = Release;
		};
		6C36901221648A47005DEDBB /* Debug */ = {
			isa = XCBuildConfiguration;
			buildSettings = {
				ALWAYS_EMBED_SWIFT_STANDARD_LIBRARIES = YES;
				CODE_SIGN_STYLE = Automatic;
				INFOPLIST_FILE = UVABucketListUITests/Info.plist;
				LD_RUNPATH_SEARCH_PATHS = (
					"$(inherited)",
					"@executable_path/Frameworks",
					"@loader_path/Frameworks",
				);
				PRODUCT_BUNDLE_IDENTIFIER = com.cs4720.UVABucketListUITests;
				PRODUCT_NAME = "$(TARGET_NAME)";
				SWIFT_VERSION = 4.2;
				TARGETED_DEVICE_FAMILY = "1,2";
				TEST_TARGET_NAME = UVABucketList;
			};
			name = Debug;
		};
		6C36901321648A47005DEDBB /* Release */ = {
			isa = XCBuildConfiguration;
			buildSettings = {
				ALWAYS_EMBED_SWIFT_STANDARD_LIBRARIES = YES;
				CODE_SIGN_STYLE = Automatic;
				INFOPLIST_FILE = UVABucketListUITests/Info.plist;
				LD_RUNPATH_SEARCH_PATHS = (
					"$(inherited)",
					"@executable_path/Frameworks",
					"@loader_path/Frameworks",
				);
				PRODUCT_BUNDLE_IDENTIFIER = com.cs4720.UVABucketListUITests;
				PRODUCT_NAME = "$(TARGET_NAME)";
				SWIFT_VERSION = 4.2;
				TARGETED_DEVICE_FAMILY = "1,2";
				TEST_TARGET_NAME = UVABucketList;
			};
			name = Release;
		};
/* End XCBuildConfiguration section */

/* Begin XCConfigurationList section */
		6C368FDE21648A45005DEDBB /* Build configuration list for PBXProject "UVABucketList" */ = {
			isa = XCConfigurationList;
			buildConfigurations = (
				6C36900921648A47005DEDBB /* Debug */,
				6C36900A21648A47005DEDBB /* Release */,
			);
			defaultConfigurationIsVisible = 0;
			defaultConfigurationName = Release;
		};
		6C36900B21648A47005DEDBB /* Build configuration list for PBXNativeTarget "UVABucketList" */ = {
			isa = XCConfigurationList;
			buildConfigurations = (
				6C36900C21648A47005DEDBB /* Debug */,
				6C36900D21648A47005DEDBB /* Release */,
			);
			defaultConfigurationIsVisible = 0;
			defaultConfigurationName = Release;
		};
		6C36900E21648A47005DEDBB /* Build configuration list for PBXNativeTarget "UVABucketListTests" */ = {
			isa = XCConfigurationList;
			buildConfigurations = (
				6C36900F21648A47005DEDBB /* Debug */,
				6C36901021648A47005DEDBB /* Release */,
			);
			defaultConfigurationIsVisible = 0;
			defaultConfigurationName = Release;
		};
		6C36901121648A47005DEDBB /* Build configuration list for PBXNativeTarget "UVABucketListUITests" */ = {
			isa = XCConfigurationList;
			buildConfigurations = (
				6C36901221648A47005DEDBB /* Debug */,
				6C36901321648A47005DEDBB /* Release */,
			);
			defaultConfigurationIsVisible = 0;
			defaultConfigurationName = Release;
		};
/* End XCConfigurationList section */
	};
	rootObject = 6C368FDB21648A45005DEDBB /* Project object */;
}
